// !$*UTF8*$!
{
	archiveVersion = 1;
	classes = {
	};
	objectVersion = 77;
	objects = {

/* Begin PBXBuildFile section */
		D62AA7D12D5DC796000CED90 /* ComposableArchitecture in Frameworks */ = {isa = PBXBuildFile; productRef = D62AA7D02D5DC796000CED90 /* ComposableArchitecture */; };
		D62AA7DE2D5DCED8000CED90 /* ComposableArchitecture in Frameworks */ = {isa = PBXBuildFile; productRef = D62AA7DD2D5DCED8000CED90 /* ComposableArchitecture */; };
		D656D8FC2CC7965500F843BA /* WidgetKit.framework in Frameworks */ = {isa = PBXBuildFile; fileRef = D656D8B02CC77A3F00F843BA /* WidgetKit.framework */; };
		D656D8FD2CC7965500F843BA /* SwiftUI.framework in Frameworks */ = {isa = PBXBuildFile; fileRef = D656D8B22CC77A4000F843BA /* SwiftUI.framework */; };
		D656D90C2CC7965600F843BA /* DeliveryCheckWidgetExtension.appex in Embed Foundation Extensions */ = {isa = PBXBuildFile; fileRef = D656D8FB2CC7965500F843BA /* DeliveryCheckWidgetExtension.appex */; settings = {ATTRIBUTES = (RemoveHeadersOnCopy, ); }; };
/* End PBXBuildFile section */

/* Begin PBXContainerItemProxy section */
		D656D88E2CC779EC00F843BA /* PBXContainerItemProxy */ = {
			isa = PBXContainerItemProxy;
			containerPortal = D656D8732CC779EA00F843BA /* Project object */;
			proxyType = 1;
			remoteGlobalIDString = D656D87A2CC779EB00F843BA;
			remoteInfo = DeliveryCheck;
		};
		D656D8982CC779EC00F843BA /* PBXContainerItemProxy */ = {
			isa = PBXContainerItemProxy;
			containerPortal = D656D8732CC779EA00F843BA /* Project object */;
			proxyType = 1;
			remoteGlobalIDString = D656D87A2CC779EB00F843BA;
			remoteInfo = DeliveryCheck;
		};
		D656D90A2CC7965600F843BA /* PBXContainerItemProxy */ = {
			isa = PBXContainerItemProxy;
			containerPortal = D656D8732CC779EA00F843BA /* Project object */;
			proxyType = 1;
			remoteGlobalIDString = D656D8FA2CC7965500F843BA;
			remoteInfo = DeliveryCheckWidgetExtension;
		};
/* End PBXContainerItemProxy section */

/* Begin PBXCopyFilesBuildPhase section */
		D656D8C72CC77A4100F843BA /* Embed Foundation Extensions */ = {
			isa = PBXCopyFilesBuildPhase;
			buildActionMask = 2147483647;
			dstPath = "";
			dstSubfolderSpec = 13;
			files = (
				D656D90C2CC7965600F843BA /* DeliveryCheckWidgetExtension.appex in Embed Foundation Extensions */,
			);
			name = "Embed Foundation Extensions";
			runOnlyForDeploymentPostprocessing = 0;
		};
/* End PBXCopyFilesBuildPhase section */

/* Begin PBXFileReference section */
		D656D87B2CC779EB00F843BA /* DeliveryCheck.app */ = {isa = PBXFileReference; explicitFileType = wrapper.application; includeInIndex = 0; path = DeliveryCheck.app; sourceTree = BUILT_PRODUCTS_DIR; };
		D656D88D2CC779EC00F843BA /* DeliveryCheckTests.xctest */ = {isa = PBXFileReference; explicitFileType = wrapper.cfbundle; includeInIndex = 0; path = DeliveryCheckTests.xctest; sourceTree = BUILT_PRODUCTS_DIR; };
		D656D8972CC779EC00F843BA /* DeliveryCheckUITests.xctest */ = {isa = PBXFileReference; explicitFileType = wrapper.cfbundle; includeInIndex = 0; path = DeliveryCheckUITests.xctest; sourceTree = BUILT_PRODUCTS_DIR; };
		D656D8B02CC77A3F00F843BA /* WidgetKit.framework */ = {isa = PBXFileReference; lastKnownFileType = wrapper.framework; name = WidgetKit.framework; path = System/Library/Frameworks/WidgetKit.framework; sourceTree = SDKROOT; };
		D656D8B22CC77A4000F843BA /* SwiftUI.framework */ = {isa = PBXFileReference; lastKnownFileType = wrapper.framework; name = SwiftUI.framework; path = System/Library/Frameworks/SwiftUI.framework; sourceTree = SDKROOT; };
		D656D8FB2CC7965500F843BA /* DeliveryCheckWidgetExtension.appex */ = {isa = PBXFileReference; explicitFileType = "wrapper.app-extension"; includeInIndex = 0; path = DeliveryCheckWidgetExtension.appex; sourceTree = BUILT_PRODUCTS_DIR; };
		D656D9122CC796A100F843BA /* DeliveryCheckWidgetExtension.entitlements */ = {isa = PBXFileReference; lastKnownFileType = text.plist.entitlements; path = DeliveryCheckWidgetExtension.entitlements; sourceTree = "<group>"; };
/* End PBXFileReference section */

/* Begin PBXFileSystemSynchronizedBuildFileExceptionSet section */
		D656D90F2CC7965600F843BA /* Exceptions for "DeliveryCheckWidget" folder in "DeliveryCheckWidgetExtension" target */ = {
			isa = PBXFileSystemSynchronizedBuildFileExceptionSet;
			membershipExceptions = (
				Info.plist,
			);
			target = D656D8FA2CC7965500F843BA /* DeliveryCheckWidgetExtension */;
		};
		D656D9142CC797EE00F843BA /* Exceptions for "DeliveryCheck" folder in "DeliveryCheckWidgetExtension" target */ = {
			isa = PBXFileSystemSynchronizedBuildFileExceptionSet;
			membershipExceptions = (
				config.xcconfig,
				Model/Item.swift,
				Model/Response.swift,
				Service/Database/Database.swift,
				Service/Database/DatabaseService.swift,
				Service/Database/sharedModelContainer.swift,
				Service/Network/NetworkService.swift,
				"Utils/String+.swift",
			);
			target = D656D8FA2CC7965500F843BA /* DeliveryCheckWidgetExtension */;
		};
		D6B725B92CCAF52B00EC5A59 /* Exceptions for "DeliveryCheck" folder in "DeliveryCheck" target */ = {
			isa = PBXFileSystemSynchronizedBuildFileExceptionSet;
			membershipExceptions = (
				Info.plist,
			);
			target = D656D87A2CC779EB00F843BA /* DeliveryCheck */;
		};
/* End PBXFileSystemSynchronizedBuildFileExceptionSet section */

/* Begin PBXFileSystemSynchronizedRootGroup section */
		D656D87D2CC779EB00F843BA /* DeliveryCheck */ = {
			isa = PBXFileSystemSynchronizedRootGroup;
			exceptions = (
				D6B725B92CCAF52B00EC5A59 /* Exceptions for "DeliveryCheck" folder in "DeliveryCheck" target */,
				D656D9142CC797EE00F843BA /* Exceptions for "DeliveryCheck" folder in "DeliveryCheckWidgetExtension" target */,
			);
			path = DeliveryCheck;
			sourceTree = "<group>";
		};
		D656D8902CC779EC00F843BA /* DeliveryCheckTests */ = {
			isa = PBXFileSystemSynchronizedRootGroup;
			path = DeliveryCheckTests;
			sourceTree = "<group>";
		};
		D656D89A2CC779EC00F843BA /* DeliveryCheckUITests */ = {
			isa = PBXFileSystemSynchronizedRootGroup;
			path = DeliveryCheckUITests;
			sourceTree = "<group>";
		};
		D656D8FE2CC7965500F843BA /* DeliveryCheckWidget */ = {
			isa = PBXFileSystemSynchronizedRootGroup;
			exceptions = (
				D656D90F2CC7965600F843BA /* Exceptions for "DeliveryCheckWidget" folder in "DeliveryCheckWidgetExtension" target */,
			);
			path = DeliveryCheckWidget;
			sourceTree = "<group>";
		};
/* End PBXFileSystemSynchronizedRootGroup section */

/* Begin PBXFrameworksBuildPhase section */
		D656D8782CC779EB00F843BA /* Frameworks */ = {
			isa = PBXFrameworksBuildPhase;
			buildActionMask = 2147483647;
			files = (
				D62AA7D12D5DC796000CED90 /* ComposableArchitecture in Frameworks */,
			);
			runOnlyForDeploymentPostprocessing = 0;
		};
		D656D88A2CC779EC00F843BA /* Frameworks */ = {
			isa = PBXFrameworksBuildPhase;
			buildActionMask = 2147483647;
			files = (
			);
			runOnlyForDeploymentPostprocessing = 0;
		};
		D656D8942CC779EC00F843BA /* Frameworks */ = {
			isa = PBXFrameworksBuildPhase;
			buildActionMask = 2147483647;
			files = (
			);
			runOnlyForDeploymentPostprocessing = 0;
		};
		D656D8F82CC7965500F843BA /* Frameworks */ = {
			isa = PBXFrameworksBuildPhase;
			buildActionMask = 2147483647;
			files = (
				D656D8FD2CC7965500F843BA /* SwiftUI.framework in Frameworks */,
				D656D8FC2CC7965500F843BA /* WidgetKit.framework in Frameworks */,
				D62AA7DE2D5DCED8000CED90 /* ComposableArchitecture in Frameworks */,
			);
			runOnlyForDeploymentPostprocessing = 0;
		};
/* End PBXFrameworksBuildPhase section */

/* Begin PBXGroup section */
		D656D8722CC779EA00F843BA = {
			isa = PBXGroup;
			children = (
				D656D9122CC796A100F843BA /* DeliveryCheckWidgetExtension.entitlements */,
				D656D87D2CC779EB00F843BA /* DeliveryCheck */,
				D656D8902CC779EC00F843BA /* DeliveryCheckTests */,
				D656D89A2CC779EC00F843BA /* DeliveryCheckUITests */,
				D656D8FE2CC7965500F843BA /* DeliveryCheckWidget */,
				D656D8AF2CC77A3F00F843BA /* Frameworks */,
				D656D87C2CC779EB00F843BA /* Products */,
			);
			sourceTree = "<group>";
		};
		D656D87C2CC779EB00F843BA /* Products */ = {
			isa = PBXGroup;
			children = (
				D656D87B2CC779EB00F843BA /* DeliveryCheck.app */,
				D656D88D2CC779EC00F843BA /* DeliveryCheckTests.xctest */,
				D656D8972CC779EC00F843BA /* DeliveryCheckUITests.xctest */,
				D656D8FB2CC7965500F843BA /* DeliveryCheckWidgetExtension.appex */,
			);
			name = Products;
			sourceTree = "<group>";
		};
		D656D8AF2CC77A3F00F843BA /* Frameworks */ = {
			isa = PBXGroup;
			children = (
				D656D8B02CC77A3F00F843BA /* WidgetKit.framework */,
				D656D8B22CC77A4000F843BA /* SwiftUI.framework */,
			);
			name = Frameworks;
			sourceTree = "<group>";
		};
/* End PBXGroup section */

/* Begin PBXNativeTarget section */
		D656D87A2CC779EB00F843BA /* DeliveryCheck */ = {
			isa = PBXNativeTarget;
			buildConfigurationList = D656D8A12CC779EC00F843BA /* Build configuration list for PBXNativeTarget "DeliveryCheck" */;
			buildPhases = (
				D656D8772CC779EB00F843BA /* Sources */,
				D656D8782CC779EB00F843BA /* Frameworks */,
				D656D8792CC779EB00F843BA /* Resources */,
				D656D8C72CC77A4100F843BA /* Embed Foundation Extensions */,
			);
			buildRules = (
			);
			dependencies = (
				D656D90B2CC7965600F843BA /* PBXTargetDependency */,
			);
			fileSystemSynchronizedGroups = (
				D656D87D2CC779EB00F843BA /* DeliveryCheck */,
			);
			name = DeliveryCheck;
			packageProductDependencies = (
				D62AA7D02D5DC796000CED90 /* ComposableArchitecture */,
			);
			productName = DeliveryCheck;
			productReference = D656D87B2CC779EB00F843BA /* DeliveryCheck.app */;
			productType = "com.apple.product-type.application";
		};
		D656D88C2CC779EC00F843BA /* DeliveryCheckTests */ = {
			isa = PBXNativeTarget;
			buildConfigurationList = D656D8A42CC779EC00F843BA /* Build configuration list for PBXNativeTarget "DeliveryCheckTests" */;
			buildPhases = (
				D656D8892CC779EC00F843BA /* Sources */,
				D656D88A2CC779EC00F843BA /* Frameworks */,
				D656D88B2CC779EC00F843BA /* Resources */,
			);
			buildRules = (
			);
			dependencies = (
				D656D88F2CC779EC00F843BA /* PBXTargetDependency */,
			);
			fileSystemSynchronizedGroups = (
				D656D8902CC779EC00F843BA /* DeliveryCheckTests */,
			);
			name = DeliveryCheckTests;
			packageProductDependencies = (
			);
			productName = DeliveryCheckTests;
			productReference = D656D88D2CC779EC00F843BA /* DeliveryCheckTests.xctest */;
			productType = "com.apple.product-type.bundle.unit-test";
		};
		D656D8962CC779EC00F843BA /* DeliveryCheckUITests */ = {
			isa = PBXNativeTarget;
			buildConfigurationList = D656D8A72CC779EC00F843BA /* Build configuration list for PBXNativeTarget "DeliveryCheckUITests" */;
			buildPhases = (
				D656D8932CC779EC00F843BA /* Sources */,
				D656D8942CC779EC00F843BA /* Frameworks */,
				D656D8952CC779EC00F843BA /* Resources */,
			);
			buildRules = (
			);
			dependencies = (
				D656D8992CC779EC00F843BA /* PBXTargetDependency */,
			);
			fileSystemSynchronizedGroups = (
				D656D89A2CC779EC00F843BA /* DeliveryCheckUITests */,
			);
			name = DeliveryCheckUITests;
			packageProductDependencies = (
			);
			productName = DeliveryCheckUITests;
			productReference = D656D8972CC779EC00F843BA /* DeliveryCheckUITests.xctest */;
			productType = "com.apple.product-type.bundle.ui-testing";
		};
		D656D8FA2CC7965500F843BA /* DeliveryCheckWidgetExtension */ = {
			isa = PBXNativeTarget;
			buildConfigurationList = D656D9102CC7965600F843BA /* Build configuration list for PBXNativeTarget "DeliveryCheckWidgetExtension" */;
			buildPhases = (
				D656D8F72CC7965500F843BA /* Sources */,
				D656D8F82CC7965500F843BA /* Frameworks */,
				D656D8F92CC7965500F843BA /* Resources */,
			);
			buildRules = (
			);
			dependencies = (
			);
			fileSystemSynchronizedGroups = (
				D656D8FE2CC7965500F843BA /* DeliveryCheckWidget */,
			);
			name = DeliveryCheckWidgetExtension;
			packageProductDependencies = (
				D62AA7DD2D5DCED8000CED90 /* ComposableArchitecture */,
			);
			productName = DeliveryCheckWidgetExtension;
			productReference = D656D8FB2CC7965500F843BA /* DeliveryCheckWidgetExtension.appex */;
			productType = "com.apple.product-type.app-extension";
		};
/* End PBXNativeTarget section */

/* Begin PBXProject section */
		D656D8732CC779EA00F843BA /* Project object */ = {
			isa = PBXProject;
			attributes = {
				BuildIndependentTargetsInParallel = 1;
				LastSwiftUpdateCheck = 1600;
				LastUpgradeCheck = 1600;
				TargetAttributes = {
					D656D87A2CC779EB00F843BA = {
						CreatedOnToolsVersion = 16.0;
					};
					D656D88C2CC779EC00F843BA = {
						CreatedOnToolsVersion = 16.0;
						TestTargetID = D656D87A2CC779EB00F843BA;
					};
					D656D8962CC779EC00F843BA = {
						CreatedOnToolsVersion = 16.0;
						TestTargetID = D656D87A2CC779EB00F843BA;
					};
					D656D8FA2CC7965500F843BA = {
						CreatedOnToolsVersion = 16.0;
					};
				};
			};
			buildConfigurationList = D656D8762CC779EA00F843BA /* Build configuration list for PBXProject "DeliveryCheck" */;
			developmentRegion = ko;
			hasScannedForEncodings = 0;
			knownRegions = (
				Base,
				ko,
			);
			mainGroup = D656D8722CC779EA00F843BA;
			minimizedProjectReferenceProxies = 1;
			packageReferences = (
				D62AA7CF2D5DC796000CED90 /* XCRemoteSwiftPackageReference "swift-composable-architecture" */,
			);
			preferredProjectObjectVersion = 77;
			productRefGroup = D656D87C2CC779EB00F843BA /* Products */;
			projectDirPath = "";
			projectRoot = "";
			targets = (
				D656D87A2CC779EB00F843BA /* DeliveryCheck */,
				D656D88C2CC779EC00F843BA /* DeliveryCheckTests */,
				D656D8962CC779EC00F843BA /* DeliveryCheckUITests */,
				D656D8FA2CC7965500F843BA /* DeliveryCheckWidgetExtension */,
			);
		};
/* End PBXProject section */

/* Begin PBXResourcesBuildPhase section */
		D656D8792CC779EB00F843BA /* Resources */ = {
			isa = PBXResourcesBuildPhase;
			buildActionMask = 2147483647;
			files = (
			);
			runOnlyForDeploymentPostprocessing = 0;
		};
		D656D88B2CC779EC00F843BA /* Resources */ = {
			isa = PBXResourcesBuildPhase;
			buildActionMask = 2147483647;
			files = (
			);
			runOnlyForDeploymentPostprocessing = 0;
		};
		D656D8952CC779EC00F843BA /* Resources */ = {
			isa = PBXResourcesBuildPhase;
			buildActionMask = 2147483647;
			files = (
			);
			runOnlyForDeploymentPostprocessing = 0;
		};
		D656D8F92CC7965500F843BA /* Resources */ = {
			isa = PBXResourcesBuildPhase;
			buildActionMask = 2147483647;
			files = (
			);
			runOnlyForDeploymentPostprocessing = 0;
		};
/* End PBXResourcesBuildPhase section */

/* Begin PBXSourcesBuildPhase section */
		D656D8772CC779EB00F843BA /* Sources */ = {
			isa = PBXSourcesBuildPhase;
			buildActionMask = 2147483647;
			files = (
			);
			runOnlyForDeploymentPostprocessing = 0;
		};
		D656D8892CC779EC00F843BA /* Sources */ = {
			isa = PBXSourcesBuildPhase;
			buildActionMask = 2147483647;
			files = (
			);
			runOnlyForDeploymentPostprocessing = 0;
		};
		D656D8932CC779EC00F843BA /* Sources */ = {
			isa = PBXSourcesBuildPhase;
			buildActionMask = 2147483647;
			files = (
			);
			runOnlyForDeploymentPostprocessing = 0;
		};
		D656D8F72CC7965500F843BA /* Sources */ = {
			isa = PBXSourcesBuildPhase;
			buildActionMask = 2147483647;
			files = (
			);
			runOnlyForDeploymentPostprocessing = 0;
		};
/* End PBXSourcesBuildPhase section */

/* Begin PBXTargetDependency section */
		D656D88F2CC779EC00F843BA /* PBXTargetDependency */ = {
			isa = PBXTargetDependency;
			target = D656D87A2CC779EB00F843BA /* DeliveryCheck */;
			targetProxy = D656D88E2CC779EC00F843BA /* PBXContainerItemProxy */;
		};
		D656D8992CC779EC00F843BA /* PBXTargetDependency */ = {
			isa = PBXTargetDependency;
			target = D656D87A2CC779EB00F843BA /* DeliveryCheck */;
			targetProxy = D656D8982CC779EC00F843BA /* PBXContainerItemProxy */;
		};
		D656D90B2CC7965600F843BA /* PBXTargetDependency */ = {
			isa = PBXTargetDependency;
			target = D656D8FA2CC7965500F843BA /* DeliveryCheckWidgetExtension */;
			targetProxy = D656D90A2CC7965600F843BA /* PBXContainerItemProxy */;
		};
/* End PBXTargetDependency section */

/* Begin XCBuildConfiguration section */
		D656D89F2CC779EC00F843BA /* Debug */ = {
			isa = XCBuildConfiguration;
			baseConfigurationReferenceAnchor = D656D87D2CC779EB00F843BA /* DeliveryCheck */;
			baseConfigurationReferenceRelativePath = config.xcconfig;
			buildSettings = {
				ALWAYS_SEARCH_USER_PATHS = NO;
				ASSETCATALOG_COMPILER_GENERATE_SWIFT_ASSET_SYMBOL_EXTENSIONS = YES;
				CLANG_ANALYZER_NONNULL = YES;
				CLANG_ANALYZER_NUMBER_OBJECT_CONVERSION = YES_AGGRESSIVE;
				CLANG_CXX_LANGUAGE_STANDARD = "gnu++20";
				CLANG_ENABLE_MODULES = YES;
				CLANG_ENABLE_OBJC_ARC = YES;
				CLANG_ENABLE_OBJC_WEAK = YES;
				CLANG_WARN_BLOCK_CAPTURE_AUTORELEASING = YES;
				CLANG_WARN_BOOL_CONVERSION = YES;
				CLANG_WARN_COMMA = YES;
				CLANG_WARN_CONSTANT_CONVERSION = YES;
				CLANG_WARN_DEPRECATED_OBJC_IMPLEMENTATIONS = YES;
				CLANG_WARN_DIRECT_OBJC_ISA_USAGE = YES_ERROR;
				CLANG_WARN_DOCUMENTATION_COMMENTS = YES;
				CLANG_WARN_EMPTY_BODY = YES;
				CLANG_WARN_ENUM_CONVERSION = YES;
				CLANG_WARN_INFINITE_RECURSION = YES;
				CLANG_WARN_INT_CONVERSION = YES;
				CLANG_WARN_NON_LITERAL_NULL_CONVERSION = YES;
				CLANG_WARN_OBJC_IMPLICIT_RETAIN_SELF = YES;
				CLANG_WARN_OBJC_LITERAL_CONVERSION = YES;
				CLANG_WARN_OBJC_ROOT_CLASS = YES_ERROR;
				CLANG_WARN_QUOTED_INCLUDE_IN_FRAMEWORK_HEADER = YES;
				CLANG_WARN_RANGE_LOOP_ANALYSIS = YES;
				CLANG_WARN_STRICT_PROTOTYPES = YES;
				CLANG_WARN_SUSPICIOUS_MOVE = YES;
				CLANG_WARN_UNGUARDED_AVAILABILITY = YES_AGGRESSIVE;
				CLANG_WARN_UNREACHABLE_CODE = YES;
				CLANG_WARN__DUPLICATE_METHOD_MATCH = YES;
				COPY_PHASE_STRIP = NO;
				DEBUG_INFORMATION_FORMAT = dwarf;
				ENABLE_STRICT_OBJC_MSGSEND = YES;
				ENABLE_TESTABILITY = YES;
				ENABLE_USER_SCRIPT_SANDBOXING = YES;
				GCC_C_LANGUAGE_STANDARD = gnu17;
				GCC_DYNAMIC_NO_PIC = NO;
				GCC_NO_COMMON_BLOCKS = YES;
				GCC_OPTIMIZATION_LEVEL = 0;
				GCC_PREPROCESSOR_DEFINITIONS = (
					"DEBUG=1",
					"$(inherited)",
				);
				GCC_WARN_64_TO_32_BIT_CONVERSION = YES;
				GCC_WARN_ABOUT_RETURN_TYPE = YES_ERROR;
				GCC_WARN_UNDECLARED_SELECTOR = YES;
				GCC_WARN_UNINITIALIZED_AUTOS = YES_AGGRESSIVE;
				GCC_WARN_UNUSED_FUNCTION = YES;
				GCC_WARN_UNUSED_VARIABLE = YES;
				IPHONEOS_DEPLOYMENT_TARGET = 18.0;
				LOCALIZATION_PREFERS_STRING_CATALOGS = YES;
				MTL_ENABLE_DEBUG_INFO = INCLUDE_SOURCE;
				MTL_FAST_MATH = YES;
				ONLY_ACTIVE_ARCH = YES;
				SDKROOT = iphoneos;
				SWIFT_ACTIVE_COMPILATION_CONDITIONS = "DEBUG $(inherited)";
				SWIFT_OPTIMIZATION_LEVEL = "-Onone";
			};
			name = Debug;
		};
		D656D8A02CC779EC00F843BA /* Release */ = {
			isa = XCBuildConfiguration;
			baseConfigurationReferenceAnchor = D656D87D2CC779EB00F843BA /* DeliveryCheck */;
			baseConfigurationReferenceRelativePath = config.xcconfig;
			buildSettings = {
				ALWAYS_SEARCH_USER_PATHS = NO;
				ASSETCATALOG_COMPILER_GENERATE_SWIFT_ASSET_SYMBOL_EXTENSIONS = YES;
				CLANG_ANALYZER_NONNULL = YES;
				CLANG_ANALYZER_NUMBER_OBJECT_CONVERSION = YES_AGGRESSIVE;
				CLANG_CXX_LANGUAGE_STANDARD = "gnu++20";
				CLANG_ENABLE_MODULES = YES;
				CLANG_ENABLE_OBJC_ARC = YES;
				CLANG_ENABLE_OBJC_WEAK = YES;
				CLANG_WARN_BLOCK_CAPTURE_AUTORELEASING = YES;
				CLANG_WARN_BOOL_CONVERSION = YES;
				CLANG_WARN_COMMA = YES;
				CLANG_WARN_CONSTANT_CONVERSION = YES;
				CLANG_WARN_DEPRECATED_OBJC_IMPLEMENTATIONS = YES;
				CLANG_WARN_DIRECT_OBJC_ISA_USAGE = YES_ERROR;
				CLANG_WARN_DOCUMENTATION_COMMENTS = YES;
				CLANG_WARN_EMPTY_BODY = YES;
				CLANG_WARN_ENUM_CONVERSION = YES;
				CLANG_WARN_INFINITE_RECURSION = YES;
				CLANG_WARN_INT_CONVERSION = YES;
				CLANG_WARN_NON_LITERAL_NULL_CONVERSION = YES;
				CLANG_WARN_OBJC_IMPLICIT_RETAIN_SELF = YES;
				CLANG_WARN_OBJC_LITERAL_CONVERSION = YES;
				CLANG_WARN_OBJC_ROOT_CLASS = YES_ERROR;
				CLANG_WARN_QUOTED_INCLUDE_IN_FRAMEWORK_HEADER = YES;
				CLANG_WARN_RANGE_LOOP_ANALYSIS = YES;
				CLANG_WARN_STRICT_PROTOTYPES = YES;
				CLANG_WARN_SUSPICIOUS_MOVE = YES;
				CLANG_WARN_UNGUARDED_AVAILABILITY = YES_AGGRESSIVE;
				CLANG_WARN_UNREACHABLE_CODE = YES;
				CLANG_WARN__DUPLICATE_METHOD_MATCH = YES;
				COPY_PHASE_STRIP = NO;
				DEBUG_INFORMATION_FORMAT = "dwarf-with-dsym";
				ENABLE_NS_ASSERTIONS = NO;
				ENABLE_STRICT_OBJC_MSGSEND = YES;
				ENABLE_USER_SCRIPT_SANDBOXING = YES;
				GCC_C_LANGUAGE_STANDARD = gnu17;
				GCC_NO_COMMON_BLOCKS = YES;
				GCC_WARN_64_TO_32_BIT_CONVERSION = YES;
				GCC_WARN_ABOUT_RETURN_TYPE = YES_ERROR;
				GCC_WARN_UNDECLARED_SELECTOR = YES;
				GCC_WARN_UNINITIALIZED_AUTOS = YES_AGGRESSIVE;
				GCC_WARN_UNUSED_FUNCTION = YES;
				GCC_WARN_UNUSED_VARIABLE = YES;
				IPHONEOS_DEPLOYMENT_TARGET = 18.0;
				LOCALIZATION_PREFERS_STRING_CATALOGS = YES;
				MTL_ENABLE_DEBUG_INFO = NO;
				MTL_FAST_MATH = YES;
				SDKROOT = iphoneos;
				SWIFT_COMPILATION_MODE = wholemodule;
				VALIDATE_PRODUCT = YES;
			};
			name = Release;
		};
		D656D8A22CC779EC00F843BA /* Debug */ = {
			isa = XCBuildConfiguration;
			baseConfigurationReferenceAnchor = D656D87D2CC779EB00F843BA /* DeliveryCheck */;
			baseConfigurationReferenceRelativePath = config.xcconfig;
			buildSettings = {
				ASSETCATALOG_COMPILER_APPICON_NAME = AppIcon;
				ASSETCATALOG_COMPILER_GLOBAL_ACCENT_COLOR_NAME = AccentColor;
				ASSETCATALOG_COMPILER_INCLUDE_ALL_APPICON_ASSETS = NO;
				CODE_SIGN_ENTITLEMENTS = DeliveryCheck/DeliveryCheck.entitlements;
				CODE_SIGN_STYLE = Automatic;
				CURRENT_PROJECT_VERSION = 1;
				DEVELOPMENT_ASSET_PATHS = "";
				DEVELOPMENT_TEAM = 2YJXRFH75A;
				ENABLE_PREVIEWS = YES;
				GENERATE_INFOPLIST_FILE = YES;
				INFOPLIST_FILE = DeliveryCheck/Info.plist;
				INFOPLIST_KEY_CFBundleDisplayName = "배송체크";
				INFOPLIST_KEY_UIApplicationSceneManifest_Generation = YES;
				INFOPLIST_KEY_UIApplicationSupportsIndirectInputEvents = YES;
				INFOPLIST_KEY_UILaunchScreen_Generation = YES;
				INFOPLIST_KEY_UILaunchStoryboardName = "";
				INFOPLIST_KEY_UISupportedInterfaceOrientations_iPad = "UIInterfaceOrientationPortrait UIInterfaceOrientationPortraitUpsideDown UIInterfaceOrientationLandscapeLeft UIInterfaceOrientationLandscapeRight";
				INFOPLIST_KEY_UISupportedInterfaceOrientations_iPhone = "UIInterfaceOrientationPortrait UIInterfaceOrientationLandscapeLeft UIInterfaceOrientationLandscapeRight";
				IPHONEOS_DEPLOYMENT_TARGET = 17.0;
				LD_RUNPATH_SEARCH_PATHS = (
					"$(inherited)",
					"@executable_path/Frameworks",
				);
				MARKETING_VERSION = 1.1.0;
				PRODUCT_BUNDLE_IDENTIFIER = com.subin.deliveryCheck;
				PRODUCT_NAME = "$(TARGET_NAME)";
				SUPPORTED_PLATFORMS = "iphoneos iphonesimulator";
				SUPPORTS_MACCATALYST = NO;
				SUPPORTS_MAC_DESIGNED_FOR_IPHONE_IPAD = NO;
				SUPPORTS_XR_DESIGNED_FOR_IPHONE_IPAD = NO;
				SWIFT_EMIT_LOC_STRINGS = YES;
				SWIFT_VERSION = 5.0;
				TARGETED_DEVICE_FAMILY = 1;
			};
			name = Debug;
		};
		D656D8A32CC779EC00F843BA /* Release */ = {
			isa = XCBuildConfiguration;
			baseConfigurationReferenceAnchor = D656D87D2CC779EB00F843BA /* DeliveryCheck */;
			baseConfigurationReferenceRelativePath = config.xcconfig;
			buildSettings = {
				ASSETCATALOG_COMPILER_APPICON_NAME = AppIcon;
				ASSETCATALOG_COMPILER_GLOBAL_ACCENT_COLOR_NAME = AccentColor;
				ASSETCATALOG_COMPILER_INCLUDE_ALL_APPICON_ASSETS = NO;
				CODE_SIGN_ENTITLEMENTS = DeliveryCheck/DeliveryCheck.entitlements;
				CODE_SIGN_STYLE = Automatic;
				CURRENT_PROJECT_VERSION = 1;
				DEVELOPMENT_ASSET_PATHS = "";
				DEVELOPMENT_TEAM = 2YJXRFH75A;
				ENABLE_PREVIEWS = YES;
				GCC_OPTIMIZATION_LEVEL = 0;
				GENERATE_INFOPLIST_FILE = YES;
				INFOPLIST_FILE = DeliveryCheck/Info.plist;
				INFOPLIST_KEY_CFBundleDisplayName = "배송체크";
				INFOPLIST_KEY_UIApplicationSceneManifest_Generation = YES;
				INFOPLIST_KEY_UIApplicationSupportsIndirectInputEvents = YES;
				INFOPLIST_KEY_UILaunchScreen_Generation = YES;
				INFOPLIST_KEY_UILaunchStoryboardName = "";
				INFOPLIST_KEY_UISupportedInterfaceOrientations_iPad = "UIInterfaceOrientationPortrait UIInterfaceOrientationPortraitUpsideDown UIInterfaceOrientationLandscapeLeft UIInterfaceOrientationLandscapeRight";
				INFOPLIST_KEY_UISupportedInterfaceOrientations_iPhone = "UIInterfaceOrientationPortrait UIInterfaceOrientationLandscapeLeft UIInterfaceOrientationLandscapeRight";
				IPHONEOS_DEPLOYMENT_TARGET = 17.0;
				LD_RUNPATH_SEARCH_PATHS = (
					"$(inherited)",
					"@executable_path/Frameworks",
				);
				MARKETING_VERSION = 1.1.0;
				PRODUCT_BUNDLE_IDENTIFIER = com.subin.deliveryCheck;
				PRODUCT_NAME = "$(TARGET_NAME)";
				SUPPORTED_PLATFORMS = "iphoneos iphonesimulator";
				SUPPORTS_MACCATALYST = NO;
				SUPPORTS_MAC_DESIGNED_FOR_IPHONE_IPAD = NO;
				SUPPORTS_XR_DESIGNED_FOR_IPHONE_IPAD = NO;
				SWIFT_EMIT_LOC_STRINGS = YES;
				SWIFT_OPTIMIZATION_LEVEL = "-Onone";
				SWIFT_VERSION = 5.0;
				TARGETED_DEVICE_FAMILY = 1;
			};
			name = Release;
		};
		D656D8A52CC779EC00F843BA /* Debug */ = {
			isa = XCBuildConfiguration;
			baseConfigurationReferenceAnchor = D656D87D2CC779EB00F843BA /* DeliveryCheck */;
			baseConfigurationReferenceRelativePath = config.xcconfig;
			buildSettings = {
				BUNDLE_LOADER = "$(TEST_HOST)";
				CODE_SIGN_STYLE = Automatic;
				CURRENT_PROJECT_VERSION = 1;
				DEVELOPMENT_TEAM = 2YJXRFH75A;
				GENERATE_INFOPLIST_FILE = YES;
				IPHONEOS_DEPLOYMENT_TARGET = 18.0;
				MARKETING_VERSION = 1.0;
				PRODUCT_BUNDLE_IDENTIFIER = com.subinDeliveryCheckTests;
				PRODUCT_NAME = "$(TARGET_NAME)";
				SWIFT_EMIT_LOC_STRINGS = NO;
				SWIFT_VERSION = 5.0;
				TARGETED_DEVICE_FAMILY = "1,2";
				TEST_HOST = "$(BUILT_PRODUCTS_DIR)/DeliveryCheck.app/$(BUNDLE_EXECUTABLE_FOLDER_PATH)/DeliveryCheck";
			};
			name = Debug;
		};
		D656D8A62CC779EC00F843BA /* Release */ = {
			isa = XCBuildConfiguration;
			baseConfigurationReferenceAnchor = D656D87D2CC779EB00F843BA /* DeliveryCheck */;
			baseConfigurationReferenceRelativePath = config.xcconfig;
			buildSettings = {
				BUNDLE_LOADER = "$(TEST_HOST)";
				CODE_SIGN_STYLE = Automatic;
				CURRENT_PROJECT_VERSION = 1;
				DEVELOPMENT_TEAM = 2YJXRFH75A;
				GENERATE_INFOPLIST_FILE = YES;
				IPHONEOS_DEPLOYMENT_TARGET = 18.0;
				MARKETING_VERSION = 1.0;
				PRODUCT_BUNDLE_IDENTIFIER = com.subinDeliveryCheckTests;
				PRODUCT_NAME = "$(TARGET_NAME)";
				SWIFT_EMIT_LOC_STRINGS = NO;
				SWIFT_VERSION = 5.0;
				TARGETED_DEVICE_FAMILY = "1,2";
				TEST_HOST = "$(BUILT_PRODUCTS_DIR)/DeliveryCheck.app/$(BUNDLE_EXECUTABLE_FOLDER_PATH)/DeliveryCheck";
			};
			name = Release;
		};
		D656D8A82CC779EC00F843BA /* Debug */ = {
			isa = XCBuildConfiguration;
			baseConfigurationReferenceAnchor = D656D87D2CC779EB00F843BA /* DeliveryCheck */;
			baseConfigurationReferenceRelativePath = config.xcconfig;
			buildSettings = {
				CODE_SIGN_STYLE = Automatic;
				CURRENT_PROJECT_VERSION = 1;
				DEVELOPMENT_TEAM = 8AX6CPZA8P;
				GENERATE_INFOPLIST_FILE = YES;
				MARKETING_VERSION = 1.0;
				PRODUCT_BUNDLE_IDENTIFIER = com.sunny.DeliveryCheckUITests;
				PRODUCT_NAME = "$(TARGET_NAME)";
				SWIFT_EMIT_LOC_STRINGS = NO;
				SWIFT_VERSION = 5.0;
				TARGETED_DEVICE_FAMILY = "1,2";
				TEST_TARGET_NAME = DeliveryCheck;
			};
			name = Debug;
		};
		D656D8A92CC779EC00F843BA /* Release */ = {
			isa = XCBuildConfiguration;
			baseConfigurationReferenceAnchor = D656D87D2CC779EB00F843BA /* DeliveryCheck */;
			baseConfigurationReferenceRelativePath = config.xcconfig;
			buildSettings = {
				CODE_SIGN_STYLE = Automatic;
				CURRENT_PROJECT_VERSION = 1;
				DEVELOPMENT_TEAM = 8AX6CPZA8P;
				GENERATE_INFOPLIST_FILE = YES;
				MARKETING_VERSION = 1.0;
				PRODUCT_BUNDLE_IDENTIFIER = com.sunny.DeliveryCheckUITests;
				PRODUCT_NAME = "$(TARGET_NAME)";
				SWIFT_EMIT_LOC_STRINGS = NO;
				SWIFT_VERSION = 5.0;
				TARGETED_DEVICE_FAMILY = "1,2";
				TEST_TARGET_NAME = DeliveryCheck;
			};
			name = Release;
		};
		D656D90D2CC7965600F843BA /* Debug */ = {
			isa = XCBuildConfiguration;
			baseConfigurationReferenceAnchor = D656D87D2CC779EB00F843BA /* DeliveryCheck */;
			baseConfigurationReferenceRelativePath = config.xcconfig;
			buildSettings = {
				ASSETCATALOG_COMPILER_GLOBAL_ACCENT_COLOR_NAME = AccentColor;
				ASSETCATALOG_COMPILER_WIDGET_BACKGROUND_COLOR_NAME = WidgetBackground;
				CODE_SIGN_ENTITLEMENTS = DeliveryCheckWidgetExtension.entitlements;
				CODE_SIGN_STYLE = Automatic;
				CURRENT_PROJECT_VERSION = 1;
				DEVELOPMENT_TEAM = 2YJXRFH75A;
				GENERATE_INFOPLIST_FILE = YES;
				INFOPLIST_FILE = DeliveryCheckWidget/Info.plist;
				INFOPLIST_KEY_CFBundleDisplayName = "배송췌크위젯";
				INFOPLIST_KEY_NSHumanReadableCopyright = "";
				IPHONEOS_DEPLOYMENT_TARGET = 17.0;
				LD_RUNPATH_SEARCH_PATHS = (
					"$(inherited)",
					"@executable_path/Frameworks",
					"@executable_path/../../Frameworks",
				);
				MARKETING_VERSION = 0.8.0;
				PRODUCT_BUNDLE_IDENTIFIER = com.subin.deliveryCheck.widget;
				PRODUCT_NAME = "$(TARGET_NAME)";
				SKIP_INSTALL = YES;
				SUPPORTED_PLATFORMS = "iphoneos iphonesimulator";
				SUPPORTS_MACCATALYST = NO;
				SUPPORTS_MAC_DESIGNED_FOR_IPHONE_IPAD = NO;
				SUPPORTS_XR_DESIGNED_FOR_IPHONE_IPAD = NO;
				SWIFT_EMIT_LOC_STRINGS = YES;
				SWIFT_VERSION = 5.0;
				TARGETED_DEVICE_FAMILY = 1;
			};
			name = Debug;
		};
		D656D90E2CC7965600F843BA /* Release */ = {
			isa = XCBuildConfiguration;
			baseConfigurationReferenceAnchor = D656D87D2CC779EB00F843BA /* DeliveryCheck */;
			baseConfigurationReferenceRelativePath = config.xcconfig;
			buildSettings = {
				ASSETCATALOG_COMPILER_GLOBAL_ACCENT_COLOR_NAME = AccentColor;
				ASSETCATALOG_COMPILER_WIDGET_BACKGROUND_COLOR_NAME = WidgetBackground;
				CODE_SIGN_ENTITLEMENTS = DeliveryCheckWidgetExtension.entitlements;
				CODE_SIGN_STYLE = Automatic;
				CURRENT_PROJECT_VERSION = 1;
				DEVELOPMENT_TEAM = 2YJXRFH75A;
				GCC_OPTIMIZATION_LEVEL = 0;
				GENERATE_INFOPLIST_FILE = YES;
				INFOPLIST_FILE = DeliveryCheckWidget/Info.plist;
				INFOPLIST_KEY_CFBundleDisplayName = "배송췌크위젯";
				INFOPLIST_KEY_NSHumanReadableCopyright = "";
				IPHONEOS_DEPLOYMENT_TARGET = 17.0;
				LD_RUNPATH_SEARCH_PATHS = (
					"$(inherited)",
					"@executable_path/Frameworks",
					"@executable_path/../../Frameworks",
				);
				MARKETING_VERSION = 0.8.0;
				PRODUCT_BUNDLE_IDENTIFIER = com.subin.deliveryCheck.widget;
				PRODUCT_NAME = "$(TARGET_NAME)";
				SKIP_INSTALL = YES;
				SUPPORTED_PLATFORMS = "iphoneos iphonesimulator";
				SUPPORTS_MACCATALYST = NO;
				SUPPORTS_MAC_DESIGNED_FOR_IPHONE_IPAD = NO;
				SUPPORTS_XR_DESIGNED_FOR_IPHONE_IPAD = NO;
				SWIFT_EMIT_LOC_STRINGS = YES;
				SWIFT_OPTIMIZATION_LEVEL = "-Onone";
				SWIFT_VERSION = 5.0;
				TARGETED_DEVICE_FAMILY = 1;
			};
			name = Release;
		};
/* End XCBuildConfiguration section */

/* Begin XCConfigurationList section */
		D656D8762CC779EA00F843BA /* Build configuration list for PBXProject "DeliveryCheck" */ = {
			isa = XCConfigurationList;
			buildConfigurations = (
				D656D89F2CC779EC00F843BA /* Debug */,
				D656D8A02CC779EC00F843BA /* Release */,
			);
			defaultConfigurationIsVisible = 0;
			defaultConfigurationName = Release;
		};
		D656D8A12CC779EC00F843BA /* Build configuration list for PBXNativeTarget "DeliveryCheck" */ = {
			isa = XCConfigurationList;
			buildConfigurations = (
				D656D8A22CC779EC00F843BA /* Debug */,
				D656D8A32CC779EC00F843BA /* Release */,
			);
			defaultConfigurationIsVisible = 0;
			defaultConfigurationName = Release;
		};
		D656D8A42CC779EC00F843BA /* Build configuration list for PBXNativeTarget "DeliveryCheckTests" */ = {
			isa = XCConfigurationList;
			buildConfigurations = (
				D656D8A52CC779EC00F843BA /* Debug */,
				D656D8A62CC779EC00F843BA /* Release */,
			);
			defaultConfigurationIsVisible = 0;
			defaultConfigurationName = Release;
		};
		D656D8A72CC779EC00F843BA /* Build configuration list for PBXNativeTarget "DeliveryCheckUITests" */ = {
			isa = XCConfigurationList;
			buildConfigurations = (
				D656D8A82CC779EC00F843BA /* Debug */,
				D656D8A92CC779EC00F843BA /* Release */,
			);
			defaultConfigurationIsVisible = 0;
			defaultConfigurationName = Release;
		};
		D656D9102CC7965600F843BA /* Build configuration list for PBXNativeTarget "DeliveryCheckWidgetExtension" */ = {
			isa = XCConfigurationList;
			buildConfigurations = (
				D656D90D2CC7965600F843BA /* Debug */,
				D656D90E2CC7965600F843BA /* Release */,
			);
			defaultConfigurationIsVisible = 0;
			defaultConfigurationName = Release;
		};
/* End XCConfigurationList section */

/* Begin XCRemoteSwiftPackageReference section */
		D62AA7CF2D5DC796000CED90 /* XCRemoteSwiftPackageReference "swift-composable-architecture" */ = {
			isa = XCRemoteSwiftPackageReference;
			repositoryURL = "https://github.com/pointfreeco/swift-composable-architecture";
			requirement = {
				kind = upToNextMajorVersion;
				minimumVersion = 1.11.2;
			};
		};
/* End XCRemoteSwiftPackageReference section */

/* Begin XCSwiftPackageProductDependency section */
		D62AA7D02D5DC796000CED90 /* ComposableArchitecture */ = {
			isa = XCSwiftPackageProductDependency;
			package = D62AA7CF2D5DC796000CED90 /* XCRemoteSwiftPackageReference "swift-composable-architecture" */;
			productName = ComposableArchitecture;
		};
		D62AA7DD2D5DCED8000CED90 /* ComposableArchitecture */ = {
			isa = XCSwiftPackageProductDependency;
			package = D62AA7CF2D5DC796000CED90 /* XCRemoteSwiftPackageReference "swift-composable-architecture" */;
			productName = ComposableArchitecture;
		};
/* End XCSwiftPackageProductDependency section */
	};
	rootObject = D656D8732CC779EA00F843BA /* Project object */;
}
